
Microsoft Visual Studio Solution File, Format Version 12.00
# Visual Studio 15
VisualStudioVersion = 15.0.27130.0
MinimumVisualStudioVersion = 10.0.40219.1
Project("{9A19103F-16F7-4668-BE54-9A1E7A4F7556}") = "advent", "advent\advent.csproj", "{1C5A8D4F-CE22-4761-9B09-06B93E4AF95E}"
EndProject
Project("{9A19103F-16F7-4668-BE54-9A1E7A4F7556}") = "advent.tests", "advent.tests\advent.tests.csproj", "{E426FDEF-95AF-412F-A103-4801E7A4EE96}"
EndProject
Global
	GlobalSection(SolutionConfigurationPlatforms) = preSolution
		Debug|Any CPU = Debug|Any CPU
		Release|Any CPU = Release|Any CPU
	EndGlobalSection
	GlobalSection(ProjectConfigurationPlatforms) = postSolution
		{1C5A8D4F-CE22-4761-9B09-06B93E4AF95E}.Debug|Any CPU.ActiveCfg = Debug|Any CPU
		{1C5A8D4F-CE22-4761-9B09-06B93E4AF95E}.Debug|Any CPU.Build.0 = Debug|Any CPU
		{1C5A8D4F-CE22-4761-9B09-06B93E4AF95E}.Release|Any CPU.ActiveCfg = Release|Any CPU
		{1C5A8D4F-CE22-4761-9B09-06B93E4AF95E}.Release|Any CPU.Build.0 = Release|Any CPU
		{E426FDEF-95AF-412F-A103-4801E7A4EE96}.Debug|Any CPU.ActiveCfg = Debug|Any CPU
		{E426FDEF-95AF-412F-A103-4801E7A4EE96}.Debug|Any CPU.Build.0 = Debug|Any CPU
		{E426FDEF-95AF-412F-A103-4801E7A4EE96}.Release|Any CPU.ActiveCfg = Release|Any CPU
		{E426FDEF-95AF-412F-A103-4801E7A4EE96}.Release|Any CPU.Build.0 = Release|Any CPU
	EndGlobalSection
	GlobalSection(SolutionProperties) = preSolution
		HideSolutionNode = FALSE
	EndGlobalSection
	GlobalSection(ExtensibilityGlobals) = postSolution
		SolutionGuid = {ACD41EC2-ABAE-4238-A03C-DF7016160B72}
	EndGlobalSection
EndGlobal
